
Microsoft Visual Studio Solution File, Format Version 12.00
# Visual Studio Version 16
VisualStudioVersion = 16.0.28803.452
MinimumVisualStudioVersion = 10.0.40219.1
Project("{FAE04EC0-301F-11D3-BF4B-00C04F79EFBC}") = "ConsoleApp2", "ConsoleApp2\ConsoleApp2.csproj", "{6BDAB5F7-4E84-4813-B984-90FD35994A5F}"
EndProject
Project("{FAE04EC0-301F-11D3-BF4B-00C04F79EFBC}") = "WondevWoman", "WondevWoman\WondevWoman.csproj", "{55B9A09E-AD55-4FBA-807E-A8BDED946922}"
EndProject
Global
	GlobalSection(SolutionConfigurationPlatforms) = preSolution
		Debug|Any CPU = Debug|Any CPU
		Release|Any CPU = Release|Any CPU
	EndGlobalSection
	GlobalSection(ProjectConfigurationPlatforms) = postSolution
		{6BDAB5F7-4E84-4813-B984-90FD35994A5F}.Debug|Any CPU.ActiveCfg = Debug|Any CPU
		{6BDAB5F7-4E84-4813-B984-90FD35994A5F}.Debug|Any CPU.Build.0 = Debug|Any CPU
		{6BDAB5F7-4E84-4813-B984-90FD35994A5F}.Release|Any CPU.ActiveCfg = Release|Any CPU
		{6BDAB5F7-4E84-4813-B984-90FD35994A5F}.Release|Any CPU.Build.0 = Release|Any CPU
		{55B9A09E-AD55-4FBA-807E-A8BDED946922}.Debug|Any CPU.ActiveCfg = Debug|Any CPU
		{55B9A09E-AD55-4FBA-807E-A8BDED946922}.Debug|Any CPU.Build.0 = Debug|Any CPU
		{55B9A09E-AD55-4FBA-807E-A8BDED946922}.Release|Any CPU.ActiveCfg = Release|Any CPU
		{55B9A09E-AD55-4FBA-807E-A8BDED946922}.Release|Any CPU.Build.0 = Release|Any CPU
	EndGlobalSection
	GlobalSection(SolutionProperties) = preSolution
		HideSolutionNode = FALSE
	EndGlobalSection
	GlobalSection(ExtensibilityGlobals) = postSolution
		SolutionGuid = {76EC29A0-36BE-466B-ABF0-565162160590}
	EndGlobalSection
EndGlobal
